
Microsoft Visual Studio Solution File, Format Version 12.00
# Visual Studio Version 17
VisualStudioVersion = 17.0.31903.59
MinimumVisualStudioVersion = 10.0.40219.1
Project("{2150E333-8FDC-42A3-9474-1A3956D46DE8}") = "src", "src", "{13C75F95-9688-4AEC-A34D-B114186FC5F2}"
EndProject
Project("{2150E333-8FDC-42A3-9474-1A3956D46DE8}") = "Core", "Core", "{C043387A-1267-4B15-A475-8002A979F713}"
EndProject
Project("{2150E333-8FDC-42A3-9474-1A3956D46DE8}") = "Infraestructure", "Infraestructure", "{D04C0BD5-F066-43EB-9441-51FA5BC9D059}"
EndProject
Project("{2150E333-8FDC-42A3-9474-1A3956D46DE8}") = "Presentation", "Presentation", "{EECA7FD2-9557-4B85-AB6E-FFCBCBACE3C3}"
EndProject
Project("{FAE04EC0-301F-11D3-BF4B-00C04F79EFBC}") = "Application", "Application\Application.csproj", "{5E004825-F4C2-487B-9600-AF4FA77D8B46}"
EndProject
Project("{FAE04EC0-301F-11D3-BF4B-00C04F79EFBC}") = "Domain", "Domain\Domain.csproj", "{9981F28D-F0E7-4FDD-B868-24B83FD21809}"
EndProject
Project("{FAE04EC0-301F-11D3-BF4B-00C04F79EFBC}") = "Persistence", "Persistence\Persistence.csproj", "{EAE53CB6-80B7-430D-AC23-AB30C32987E4}"
EndProject
Project("{FAE04EC0-301F-11D3-BF4B-00C04F79EFBC}") = "Shared", "Shared\Shared.csproj", "{55D54C2D-CBCD-40E6-9980-D0CD909536F1}"
EndProject
Project("{FAE04EC0-301F-11D3-BF4B-00C04F79EFBC}") = "WebAPI", "WebAPI\WebAPI.csproj", "{E4999EC1-036D-45F0-B107-258BA7056B2F}"
EndProject
Global
	GlobalSection(SolutionConfigurationPlatforms) = preSolution
		Debug|Any CPU = Debug|Any CPU
		Release|Any CPU = Release|Any CPU
	EndGlobalSection
	GlobalSection(ProjectConfigurationPlatforms) = postSolution
		{5E004825-F4C2-487B-9600-AF4FA77D8B46}.Debug|Any CPU.ActiveCfg = Debug|Any CPU
		{5E004825-F4C2-487B-9600-AF4FA77D8B46}.Debug|Any CPU.Build.0 = Debug|Any CPU
		{5E004825-F4C2-487B-9600-AF4FA77D8B46}.Release|Any CPU.ActiveCfg = Release|Any CPU
		{5E004825-F4C2-487B-9600-AF4FA77D8B46}.Release|Any CPU.Build.0 = Release|Any CPU
		{9981F28D-F0E7-4FDD-B868-24B83FD21809}.Debug|Any CPU.ActiveCfg = Debug|Any CPU
		{9981F28D-F0E7-4FDD-B868-24B83FD21809}.Debug|Any CPU.Build.0 = Debug|Any CPU
		{9981F28D-F0E7-4FDD-B868-24B83FD21809}.Release|Any CPU.ActiveCfg = Release|Any CPU
		{9981F28D-F0E7-4FDD-B868-24B83FD21809}.Release|Any CPU.Build.0 = Release|Any CPU
		{EAE53CB6-80B7-430D-AC23-AB30C32987E4}.Debug|Any CPU.ActiveCfg = Debug|Any CPU
		{EAE53CB6-80B7-430D-AC23-AB30C32987E4}.Debug|Any CPU.Build.0 = Debug|Any CPU
		{EAE53CB6-80B7-430D-AC23-AB30C32987E4}.Release|Any CPU.ActiveCfg = Release|Any CPU
		{EAE53CB6-80B7-430D-AC23-AB30C32987E4}.Release|Any CPU.Build.0 = Release|Any CPU
		{55D54C2D-CBCD-40E6-9980-D0CD909536F1}.Debug|Any CPU.ActiveCfg = Debug|Any CPU
		{55D54C2D-CBCD-40E6-9980-D0CD909536F1}.Debug|Any CPU.Build.0 = Debug|Any CPU
		{55D54C2D-CBCD-40E6-9980-D0CD909536F1}.Release|Any CPU.ActiveCfg = Release|Any CPU
		{55D54C2D-CBCD-40E6-9980-D0CD909536F1}.Release|Any CPU.Build.0 = Release|Any CPU
		{E4999EC1-036D-45F0-B107-258BA7056B2F}.Debug|Any CPU.ActiveCfg = Debug|Any CPU
		{E4999EC1-036D-45F0-B107-258BA7056B2F}.Debug|Any CPU.Build.0 = Debug|Any CPU
		{E4999EC1-036D-45F0-B107-258BA7056B2F}.Release|Any CPU.ActiveCfg = Release|Any CPU
		{E4999EC1-036D-45F0-B107-258BA7056B2F}.Release|Any CPU.Build.0 = Release|Any CPU
	EndGlobalSection
	GlobalSection(SolutionProperties) = preSolution
		HideSolutionNode = FALSE
	EndGlobalSection
	GlobalSection(NestedProjects) = preSolution
		{C043387A-1267-4B15-A475-8002A979F713} = {13C75F95-9688-4AEC-A34D-B114186FC5F2}
		{D04C0BD5-F066-43EB-9441-51FA5BC9D059} = {13C75F95-9688-4AEC-A34D-B114186FC5F2}
		{EECA7FD2-9557-4B85-AB6E-FFCBCBACE3C3} = {13C75F95-9688-4AEC-A34D-B114186FC5F2}
		{5E004825-F4C2-487B-9600-AF4FA77D8B46} = {C043387A-1267-4B15-A475-8002A979F713}
		{9981F28D-F0E7-4FDD-B868-24B83FD21809} = {C043387A-1267-4B15-A475-8002A979F713}
		{EAE53CB6-80B7-430D-AC23-AB30C32987E4} = {D04C0BD5-F066-43EB-9441-51FA5BC9D059}
		{55D54C2D-CBCD-40E6-9980-D0CD909536F1} = {D04C0BD5-F066-43EB-9441-51FA5BC9D059}
		{E4999EC1-036D-45F0-B107-258BA7056B2F} = {EECA7FD2-9557-4B85-AB6E-FFCBCBACE3C3}
	EndGlobalSection
	GlobalSection(ExtensibilityGlobals) = postSolution
		SolutionGuid = {28A2155C-4486-4A68-9731-B73EA1F4CB36}
	EndGlobalSection
EndGlobal
